schema: '2.0'
stages:
  generate:
    cmd: python -m src.data.generate
    deps:
    - path: src/data/generate.py
      hash: md5
      md5: 6004203ab52c6512b4c254fcd257ab8c
      size: 5169
      isexec: true
    params:
      params.yaml:
        data.n_samples: 20000
        seed: 42
    outs:
    - path: data/raw/churn.csv
      hash: md5
      md5: a0038705ffe95c3e1856f5f58bb0cbff
      size: 1408863
      isexec: true
  prepare:
    cmd: python -m src.data.prepare
    deps:
    - path: data/raw/churn.csv
      hash: md5
      md5: a0038705ffe95c3e1856f5f58bb0cbff
      size: 1408863
      isexec: true
    - path: src/data/prepare.py
      hash: md5
      md5: 3298fe2da1908f977df24bce57d16c05
      size: 2539
      isexec: true
    params:
      params.yaml:
        data.test_size: 0.2
        data.val_size: 0.1
        seed: 42
    outs:
    - path: data/processed/test.csv
      hash: md5
      md5: ade80bf225716d28ad0c1454d2545fd3
      size: 282733
      isexec: true
    - path: data/processed/train.csv
      hash: md5
      md5: 49b63665b5a47b55be26ddff6cc4f5be
      size: 987187
      isexec: true
    - path: data/processed/val.csv
      hash: md5
      md5: 5e51e04b8dbda78562658ab3d8ca8114
      size: 141025
      isexec: true
  train:
    cmd: python -m src.train
    deps:
    - path: data/processed/train.csv
      hash: md5
      md5: 49b63665b5a47b55be26ddff6cc4f5be
      size: 987187
      isexec: true
    - path: data/processed/val.csv
      hash: md5
      md5: 5e51e04b8dbda78562658ab3d8ca8114
      size: 141025
      isexec: true
    - path: src/features.py
      hash: md5
      md5: 6a1722ea024e239905f39299fbba648b
      size: 2246
      isexec: true
    - path: src/train.py
      hash: md5
      md5: a2958430810e0aa68d692bd9b92690df
      size: 3866
      isexec: true
    params:
      params.yaml:
        features:
          numeric:
          - tenure_months
          - monthly_charges
          - total_charges
          - num_support_calls
          - avg_monthly_gb
          categorical:
          - contract_type
          - internet_service
          - payment_method
          binary:
          - has_tech_support
          - is_senior
        seed: 42
        train:
          model: logreg
          logreg:
            C: 1.0
            max_iter: 1000
            random_state: 42
          random_forest:
            n_estimators: 300
            max_depth: 12
            min_samples_leaf: 5
            random_state: 42
          gradient_boosting:
            n_estimators: 200
            learning_rate: 0.05
            max_depth: 3
            random_state: 42
    outs:
    - path: models/model.joblib
      hash: md5
      md5: 0e1661b0664260521aaf4618a2608c60
      size: 5674
      isexec: true
    - path: models/model_meta.json
      hash: md5
      md5: 4ee88e3d47abad3f096961af1a747ba8
      size: 263
      isexec: true
    - path: reports/train_metrics.json
      hash: md5
      md5: c72baae96417dc2b58624e4d45a51c01
      size: 96
      isexec: true
  evaluate:
    cmd: python -m src.evaluate
    deps:
    - path: data/processed/test.csv
      hash: md5
      md5: ade80bf225716d28ad0c1454d2545fd3
      size: 282733
      isexec: true
    - path: models/model.joblib
      hash: md5
      md5: 0e1661b0664260521aaf4618a2608c60
      size: 5674
      isexec: true
    - path: src/evaluate.py
      hash: md5
      md5: 2cd07200d5bf1a9fbef416e6372de028
      size: 2540
      isexec: true
    params:
      params.yaml:
        evaluate:
          threshold: 0.5
          min_roc_auc: 0.75
    outs:
    - path: reports/eval_metrics.json
      hash: md5
      md5: 206442cc2b0927e0342d529dc5b545be
      size: 94
      isexec: true
    - path: reports/roc.json
      hash: md5
      md5: 62d7a580d047e0fb5db55bcdb2fcb4d1
      size: 11666
      isexec: true
  validate:
    cmd: python -m src.data.validate
    deps:
    - path: data/processed/train.csv
      hash: md5
      md5: 49b63665b5a47b55be26ddff6cc4f5be
      size: 987187
      isexec: true
    - path: src/data/validate.py
      hash: md5
      md5: 28820f72107f0030abf3fdb2b9d7ed1d
      size: 2296
      isexec: true
    params:
      params.yaml:
        validate:
          min_rows: 5000
          max_missing_share: 0.05
          target_rate:
          - 0.05
          - 0.6
    outs:
    - path: reports/validation.json
      hash: md5
      md5: 83bfcb53b04d473012e4a734ccb34d48
      size: 688
      isexec: true
